
Microsoft Visual Studio Solution File, Format Version 12.00
# Visual Studio Version 17
VisualStudioVersion = 17.1.32319.34
MinimumVisualStudioVersion = 10.0.40219.1
Project("{FAE04EC0-301F-11D3-BF4B-00C04F79EFBC}") = "Poc.XUnit.Api", "Poc.XUnit.Api\Poc.XUnit.Api.csproj", "{0A41560B-4163-4871-BC53-71061DC2B8FB}"
EndProject
Project("{FAE04EC0-301F-11D3-BF4B-00C04F79EFBC}") = "Poc.XUnit.Test", "Poc.XUnit.Test\Poc.XUnit.Test.csproj", "{A8046AEA-ECFC-4E4F-B8D1-D1C609212613}"
EndProject
Global
	GlobalSection(SolutionConfigurationPlatforms) = preSolution
		Debug|Any CPU = Debug|Any CPU
		Release|Any CPU = Release|Any CPU
	EndGlobalSection
	GlobalSection(ProjectConfigurationPlatforms) = postSolution
		{0A41560B-4163-4871-BC53-71061DC2B8FB}.Debug|Any CPU.ActiveCfg = Debug|Any CPU
		{0A41560B-4163-4871-BC53-71061DC2B8FB}.Debug|Any CPU.Build.0 = Debug|Any CPU
		{0A41560B-4163-4871-BC53-71061DC2B8FB}.Release|Any CPU.ActiveCfg = Release|Any CPU
		{0A41560B-4163-4871-BC53-71061DC2B8FB}.Release|Any CPU.Build.0 = Release|Any CPU
		{A8046AEA-ECFC-4E4F-B8D1-D1C609212613}.Debug|Any CPU.ActiveCfg = Debug|Any CPU
		{A8046AEA-ECFC-4E4F-B8D1-D1C609212613}.Debug|Any CPU.Build.0 = Debug|Any CPU
		{A8046AEA-ECFC-4E4F-B8D1-D1C609212613}.Release|Any CPU.ActiveCfg = Release|Any CPU
		{A8046AEA-ECFC-4E4F-B8D1-D1C609212613}.Release|Any CPU.Build.0 = Release|Any CPU
	EndGlobalSection
	GlobalSection(SolutionProperties) = preSolution
		HideSolutionNode = FALSE
	EndGlobalSection
	GlobalSection(ExtensibilityGlobals) = postSolution
		SolutionGuid = {D4384CD0-7386-4F99-A656-963BAB50FFFE}
	EndGlobalSection
EndGlobal
